
Microsoft Visual Studio Solution File, Format Version 12.00
# Visual Studio Version 17
VisualStudioVersion = 17.5.33424.131
MinimumVisualStudioVersion = 10.0.40219.1
Project("{9A19103F-16F7-4668-BE54-9A1E7A4F7556}") = "WebApi", "src\WebApi\WebApi.csproj", "{C91C4FE7-2A70-4956-9926-9238113DEC08}"
EndProject
Project("{2150E333-8FDC-42A3-9474-1A3956D46DE8}") = "src", "src", "{F90001CA-5367-4199-8307-352C51FD6346}"
EndProject
Project("{2150E333-8FDC-42A3-9474-1A3956D46DE8}") = "tests", "tests", "{0FAFB642-0A8B-4916-96C0-044CFD0BF031}"
EndProject
Project("{54A90642-561A-4BB1-A94E-469ADEE60C69}") = "ClientApp", "src\ClientApp\ClientApp.esproj", "{2EF418B7-ADAC-4A59-B012-6CB4AA7B096D}"
EndProject
Global
	GlobalSection(SolutionConfigurationPlatforms) = preSolution
		Debug|Any CPU = Debug|Any CPU
		Release|Any CPU = Release|Any CPU
	EndGlobalSection
	GlobalSection(ProjectConfigurationPlatforms) = postSolution
		{C91C4FE7-2A70-4956-9926-9238113DEC08}.Debug|Any CPU.ActiveCfg = Debug|Any CPU
		{C91C4FE7-2A70-4956-9926-9238113DEC08}.Debug|Any CPU.Build.0 = Debug|Any CPU
		{C91C4FE7-2A70-4956-9926-9238113DEC08}.Release|Any CPU.ActiveCfg = Release|Any CPU
		{C91C4FE7-2A70-4956-9926-9238113DEC08}.Release|Any CPU.Build.0 = Release|Any CPU
		{2EF418B7-ADAC-4A59-B012-6CB4AA7B096D}.Debug|Any CPU.ActiveCfg = Debug|Any CPU
		{2EF418B7-ADAC-4A59-B012-6CB4AA7B096D}.Release|Any CPU.ActiveCfg = Release|Any CPU
		{2EF418B7-ADAC-4A59-B012-6CB4AA7B096D}.Release|Any CPU.Build.0 = Release|Any CPU
		{2EF418B7-ADAC-4A59-B012-6CB4AA7B096D}.Release|Any CPU.Deploy.0 = Release|Any CPU
		{694B6D88-73A1-4000-8F1F-85044A7F9DC4}.Debug|Any CPU.ActiveCfg = Debug|Any CPU
		{694B6D88-73A1-4000-8F1F-85044A7F9DC4}.Debug|Any CPU.Build.0 = Debug|Any CPU
		{694B6D88-73A1-4000-8F1F-85044A7F9DC4}.Release|Any CPU.ActiveCfg = Release|Any CPU
		{694B6D88-73A1-4000-8F1F-85044A7F9DC4}.Release|Any CPU.Build.0 = Release|Any CPU
		{D14B8E35-F161-415C-BDF7-3A882B61AB2D}.Debug|Any CPU.ActiveCfg = Debug|Any CPU
		{D14B8E35-F161-415C-BDF7-3A882B61AB2D}.Debug|Any CPU.Build.0 = Debug|Any CPU
		{D14B8E35-F161-415C-BDF7-3A882B61AB2D}.Release|Any CPU.ActiveCfg = Release|Any CPU
		{D14B8E35-F161-415C-BDF7-3A882B61AB2D}.Release|Any CPU.Build.0 = Release|Any CPU
		{A2D25684-88ED-40D0-A489-2BFF6D00C685}.Debug|Any CPU.ActiveCfg = Debug|Any CPU
		{A2D25684-88ED-40D0-A489-2BFF6D00C685}.Debug|Any CPU.Build.0 = Debug|Any CPU
		{A2D25684-88ED-40D0-A489-2BFF6D00C685}.Release|Any CPU.ActiveCfg = Release|Any CPU
		{A2D25684-88ED-40D0-A489-2BFF6D00C685}.Release|Any CPU.Build.0 = Release|Any CPU
		{F8DED857-FD81-4B37-9AAB-6C41B060899C}.Debug|Any CPU.ActiveCfg = Debug|Any CPU
		{F8DED857-FD81-4B37-9AAB-6C41B060899C}.Debug|Any CPU.Build.0 = Debug|Any CPU
		{F8DED857-FD81-4B37-9AAB-6C41B060899C}.Release|Any CPU.ActiveCfg = Release|Any CPU
		{F8DED857-FD81-4B37-9AAB-6C41B060899C}.Release|Any CPU.Build.0 = Release|Any CPU
		{4CBEB740-764E-4492-B62F-D2D1183F285D}.Debug|Any CPU.ActiveCfg = Debug|Any CPU
		{4CBEB740-764E-4492-B62F-D2D1183F285D}.Debug|Any CPU.Build.0 = Debug|Any CPU
		{4CBEB740-764E-4492-B62F-D2D1183F285D}.Release|Any CPU.ActiveCfg = Release|Any CPU
		{4CBEB740-764E-4492-B62F-D2D1183F285D}.Release|Any CPU.Build.0 = Release|Any CPU
	EndGlobalSection
	GlobalSection(SolutionProperties) = preSolution
		HideSolutionNode = FALSE
	EndGlobalSection
	GlobalSection(NestedProjects) = preSolution
		{C91C4FE7-2A70-4956-9926-9238113DEC08} = {F90001CA-5367-4199-8307-352C51FD6346}
		{2EF418B7-ADAC-4A59-B012-6CB4AA7B096D} = {F90001CA-5367-4199-8307-352C51FD6346}
		{694B6D88-73A1-4000-8F1F-85044A7F9DC4} = {0FAFB642-0A8B-4916-96C0-044CFD0BF031}
		{D14B8E35-F161-415C-BDF7-3A882B61AB2D} = {0FAFB642-0A8B-4916-96C0-044CFD0BF031}
		{A2D25684-88ED-40D0-A489-2BFF6D00C685} = {0FAFB642-0A8B-4916-96C0-044CFD0BF031}
		{F8DED857-FD81-4B37-9AAB-6C41B060899C} = {0FAFB642-0A8B-4916-96C0-044CFD0BF031}
		{4CBEB740-764E-4492-B62F-D2D1183F285D} = {0FAFB642-0A8B-4916-96C0-044CFD0BF031}
	EndGlobalSection
	GlobalSection(ExtensibilityGlobals) = postSolution
		SolutionGuid = {A35442D7-E9AD-4969-988C-1B961E711443}
	EndGlobalSection
EndGlobal
